
Microsoft Visual Studio Solution File, Format Version 12.00
# Visual Studio Version 17
VisualStudioVersion = 17.0.32014.148
MinimumVisualStudioVersion = 10.0.40219.1
Project("{9A19103F-16F7-4668-BE54-9A1E7A4F7556}") = "ZaszloArusAPI_EF", "ZaszloArusAPI_EF\ZaszloArusAPI_EF.csproj", "{88CE42B2-15E9-4F1B-81B2-D9575EEC6A91}"
EndProject
Project("{9A19103F-16F7-4668-BE54-9A1E7A4F7556}") = "ZaszloArusAPI_EFTests", "ZaszloArusAPI_EFTests\ZaszloArusAPI_EFTests.csproj", "{2DBC02DA-0779-4F10-903D-ECC2F4BDD6EA}"
EndProject
Project("{54435603-DBB4-11D2-8724-00A0C9A8B90C}") = "ZaszloArusInstaller", "ZaszloArusInstaller\ZaszloArusInstaller.vdproj", "{1066A4E0-4618-4A9C-BA8A-94D0F9B3B488}"
EndProject
Global
	GlobalSection(SolutionConfigurationPlatforms) = preSolution
		Debug|Any CPU = Debug|Any CPU
		Release|Any CPU = Release|Any CPU
	EndGlobalSection
	GlobalSection(ProjectConfigurationPlatforms) = postSolution
		{88CE42B2-15E9-4F1B-81B2-D9575EEC6A91}.Debug|Any CPU.ActiveCfg = Debug|Any CPU
		{88CE42B2-15E9-4F1B-81B2-D9575EEC6A91}.Debug|Any CPU.Build.0 = Debug|Any CPU
		{88CE42B2-15E9-4F1B-81B2-D9575EEC6A91}.Release|Any CPU.ActiveCfg = Release|Any CPU
		{88CE42B2-15E9-4F1B-81B2-D9575EEC6A91}.Release|Any CPU.Build.0 = Release|Any CPU
		{2DBC02DA-0779-4F10-903D-ECC2F4BDD6EA}.Debug|Any CPU.ActiveCfg = Debug|Any CPU
		{2DBC02DA-0779-4F10-903D-ECC2F4BDD6EA}.Debug|Any CPU.Build.0 = Debug|Any CPU
		{2DBC02DA-0779-4F10-903D-ECC2F4BDD6EA}.Release|Any CPU.ActiveCfg = Release|Any CPU
		{2DBC02DA-0779-4F10-903D-ECC2F4BDD6EA}.Release|Any CPU.Build.0 = Release|Any CPU
		{1066A4E0-4618-4A9C-BA8A-94D0F9B3B488}.Debug|Any CPU.ActiveCfg = Debug
		{1066A4E0-4618-4A9C-BA8A-94D0F9B3B488}.Release|Any CPU.ActiveCfg = Release
	EndGlobalSection
	GlobalSection(SolutionProperties) = preSolution
		HideSolutionNode = FALSE
	EndGlobalSection
	GlobalSection(ExtensibilityGlobals) = postSolution
		SolutionGuid = {E5F1ACB8-AC34-4FE7-BA0B-ABE97F78D14D}
	EndGlobalSection
EndGlobal
